
Microsoft Visual Studio Solution File, Format Version 12.00
# Visual Studio 15
VisualStudioVersion = 15.0.28307.329
MinimumVisualStudioVersion = 10.0.40219.1
Project("{FAE04EC0-301F-11D3-BF4B-00C04F79EFBC}") = "Datetime", "Datetime\Datetime.csproj", "{F6EAA790-398A-4735-835C-A2777690879C}"
EndProject
Global
	GlobalSection(SolutionConfigurationPlatforms) = preSolution
		Debug|Any CPU = Debug|Any CPU
		Release|Any CPU = Release|Any CPU
	EndGlobalSection
	GlobalSection(ProjectConfigurationPlatforms) = postSolution
		{F6EAA790-398A-4735-835C-A2777690879C}.Debug|Any CPU.ActiveCfg = Debug|Any CPU
		{F6EAA790-398A-4735-835C-A2777690879C}.Debug|Any CPU.Build.0 = Debug|Any CPU
		{F6EAA790-398A-4735-835C-A2777690879C}.Release|Any CPU.ActiveCfg = Release|Any CPU
		{F6EAA790-398A-4735-835C-A2777690879C}.Release|Any CPU.Build.0 = Release|Any CPU
	EndGlobalSection
	GlobalSection(SolutionProperties) = preSolution
		HideSolutionNode = FALSE
	EndGlobalSection
	GlobalSection(ExtensibilityGlobals) = postSolution
		SolutionGuid = {D0345D21-0760-4DA5-989E-117EED4A6850}
	EndGlobalSection
EndGlobal
