
Microsoft Visual Studio Solution File, Format Version 12.00
# Visual Studio 15
VisualStudioVersion = 15.0.28307.329
MinimumVisualStudioVersion = 10.0.40219.1
Project("{FAE04EC0-301F-11D3-BF4B-00C04F79EFBC}") = "Lambdas", "Lambdas\Lambdas.csproj", "{CF360F4F-F20E-4868-86B6-0ED206960C64}"
EndProject
Global
	GlobalSection(SolutionConfigurationPlatforms) = preSolution
		Debug|Any CPU = Debug|Any CPU
		Release|Any CPU = Release|Any CPU
	EndGlobalSection
	GlobalSection(ProjectConfigurationPlatforms) = postSolution
		{CF360F4F-F20E-4868-86B6-0ED206960C64}.Debug|Any CPU.ActiveCfg = Debug|Any CPU
		{CF360F4F-F20E-4868-86B6-0ED206960C64}.Debug|Any CPU.Build.0 = Debug|Any CPU
		{CF360F4F-F20E-4868-86B6-0ED206960C64}.Release|Any CPU.ActiveCfg = Release|Any CPU
		{CF360F4F-F20E-4868-86B6-0ED206960C64}.Release|Any CPU.Build.0 = Release|Any CPU
	EndGlobalSection
	GlobalSection(SolutionProperties) = preSolution
		HideSolutionNode = FALSE
	EndGlobalSection
	GlobalSection(ExtensibilityGlobals) = postSolution
		SolutionGuid = {4CAE6981-02B2-4AB9-B76D-BE2BB21D2AEF}
	EndGlobalSection
EndGlobal
