
Microsoft Visual Studio Solution File, Format Version 12.00
# Visual Studio 15
VisualStudioVersion = 15.0.28307.329
MinimumVisualStudioVersion = 10.0.40219.1
Project("{FAE04EC0-301F-11D3-BF4B-00C04F79EFBC}") = "ExceptionHandlingExercise", "ExceptionHandlingExercise\ExceptionHandlingExercise.csproj", "{A3D1823D-46EB-4AFD-AA17-C60B8B192988}"
EndProject
Global
	GlobalSection(SolutionConfigurationPlatforms) = preSolution
		Debug|Any CPU = Debug|Any CPU
		Release|Any CPU = Release|Any CPU
	EndGlobalSection
	GlobalSection(ProjectConfigurationPlatforms) = postSolution
		{A3D1823D-46EB-4AFD-AA17-C60B8B192988}.Debug|Any CPU.ActiveCfg = Debug|Any CPU
		{A3D1823D-46EB-4AFD-AA17-C60B8B192988}.Debug|Any CPU.Build.0 = Debug|Any CPU
		{A3D1823D-46EB-4AFD-AA17-C60B8B192988}.Release|Any CPU.ActiveCfg = Release|Any CPU
		{A3D1823D-46EB-4AFD-AA17-C60B8B192988}.Release|Any CPU.Build.0 = Release|Any CPU
	EndGlobalSection
	GlobalSection(SolutionProperties) = preSolution
		HideSolutionNode = FALSE
	EndGlobalSection
	GlobalSection(ExtensibilityGlobals) = postSolution
		SolutionGuid = {58250506-629B-4112-84B5-2A8B50B75C14}
	EndGlobalSection
EndGlobal
